
Microsoft Visual Studio Solution File, Format Version 10.00
# Visual Studio 2008
Project("{8BC9CEB8-8B4A-11D0-8D11-00A0C91BC942}") = "foundation", "foundation\foundation.vcproj", "{3AEAAFE2-ADA9-4B63-B34E-4D594B8D9F51}"
EndProject
Project("{8BC9CEB8-8B4A-11D0-8D11-00A0C91BC942}") = "mada", "mada\mada.vcproj", "{25159517-0A01-42F6-A03C-8C057B98F2E9}"
EndProject
Project("{8BC9CEB8-8B4A-11D0-8D11-00A0C91BC942}") = "lightgame", "lightgame\lightgame.vcproj", "{94216DB1-3792-4C53-AA8A-7CCC881853AE}"
EndProject
Global
	GlobalSection(SolutionConfigurationPlatforms) = preSolution
		Debug|Win32 = Debug|Win32
		Release|Win32 = Release|Win32
	EndGlobalSection
	GlobalSection(ProjectConfigurationPlatforms) = postSolution
		{3AEAAFE2-ADA9-4B63-B34E-4D594B8D9F51}.Debug|Win32.ActiveCfg = Debug|Win32
		{3AEAAFE2-ADA9-4B63-B34E-4D594B8D9F51}.Debug|Win32.Build.0 = Debug|Win32
		{3AEAAFE2-ADA9-4B63-B34E-4D594B8D9F51}.Release|Win32.ActiveCfg = Release|Win32
		{3AEAAFE2-ADA9-4B63-B34E-4D594B8D9F51}.Release|Win32.Build.0 = Release|Win32
		{25159517-0A01-42F6-A03C-8C057B98F2E9}.Debug|Win32.ActiveCfg = Debug|Win32
		{25159517-0A01-42F6-A03C-8C057B98F2E9}.Debug|Win32.Build.0 = Debug|Win32
		{25159517-0A01-42F6-A03C-8C057B98F2E9}.Release|Win32.ActiveCfg = Release|Win32
		{25159517-0A01-42F6-A03C-8C057B98F2E9}.Release|Win32.Build.0 = Release|Win32
		{94216DB1-3792-4C53-AA8A-7CCC881853AE}.Debug|Win32.ActiveCfg = Debug|Win32
		{94216DB1-3792-4C53-AA8A-7CCC881853AE}.Debug|Win32.Build.0 = Debug|Win32
		{94216DB1-3792-4C53-AA8A-7CCC881853AE}.Release|Win32.ActiveCfg = Release|Win32
		{94216DB1-3792-4C53-AA8A-7CCC881853AE}.Release|Win32.Build.0 = Release|Win32
	EndGlobalSection
	GlobalSection(SolutionProperties) = preSolution
		HideSolutionNode = FALSE
	EndGlobalSection
EndGlobal
